
Microsoft Visual Studio Solution File, Format Version 12.00
# Visual Studio Version 17
VisualStudioVersion = 17.0.32014.148
MinimumVisualStudioVersion = 10.0.40219.1
Project("{FAE04EC0-301F-11D3-BF4B-00C04F79EFBC}") = "ClearWpf", "ClearWpf\ClearWpf.csproj", "{854D54D9-8665-4F23-A349-2F1206AF1018}"
EndProject
Global
	GlobalSection(SolutionConfigurationPlatforms) = preSolution
		Debug|Any CPU = Debug|Any CPU
		Release|Any CPU = Release|Any CPU
	EndGlobalSection
	GlobalSection(ProjectConfigurationPlatforms) = postSolution
		{854D54D9-8665-4F23-A349-2F1206AF1018}.Debug|Any CPU.ActiveCfg = Debug|Any CPU
		{854D54D9-8665-4F23-A349-2F1206AF1018}.Debug|Any CPU.Build.0 = Debug|Any CPU
		{854D54D9-8665-4F23-A349-2F1206AF1018}.Release|Any CPU.ActiveCfg = Release|Any CPU
		{854D54D9-8665-4F23-A349-2F1206AF1018}.Release|Any CPU.Build.0 = Release|Any CPU
	EndGlobalSection
	GlobalSection(SolutionProperties) = preSolution
		HideSolutionNode = FALSE
	EndGlobalSection
	GlobalSection(ExtensibilityGlobals) = postSolution
		SolutionGuid = {0C987891-C1C8-4322-B77D-9C2573155640}
	EndGlobalSection
EndGlobal
